
Microsoft Visual Studio Solution File, Format Version 12.00
# Visual Studio 2012
Project("{FAE04EC0-301F-11D3-BF4B-00C04F79EFBC}") = "UISample.Android", "UISample.Android\UISample.Android.csproj", "{F2B55F3F-1AAF-4F95-96A1-69D03CC2CE40}"
EndProject
Project("{FAE04EC0-301F-11D3-BF4B-00C04F79EFBC}") = "UISample.iOS", "UISample.iOS\UISample.iOS.csproj", "{1D7FA243-FA2A-4AA6-B1C5-FA9EEA8BBE97}"
EndProject
Project("{FAE04EC0-301F-11D3-BF4B-00C04F79EFBC}") = "UISample", "UISample\UISample.csproj", "{0C7DE207-D5C3-46BF-B9A7-4E8B8FF84AC8}"
EndProject
Global
	GlobalSection(SolutionConfigurationPlatforms) = preSolution
		Debug|Any CPU = Debug|Any CPU
		Release|Any CPU = Release|Any CPU
		Debug|iPhoneSimulator = Debug|iPhoneSimulator
		Release|iPhoneSimulator = Release|iPhoneSimulator
		Debug|iPhone = Debug|iPhone
		Release|iPhone = Release|iPhone
		Ad-Hoc|iPhone = Ad-Hoc|iPhone
		AppStore|iPhone = AppStore|iPhone
	EndGlobalSection
	GlobalSection(ProjectConfigurationPlatforms) = postSolution
		{F2B55F3F-1AAF-4F95-96A1-69D03CC2CE40}.Debug|Any CPU.ActiveCfg = Debug|Any CPU
		{F2B55F3F-1AAF-4F95-96A1-69D03CC2CE40}.Debug|Any CPU.Build.0 = Debug|Any CPU
		{F2B55F3F-1AAF-4F95-96A1-69D03CC2CE40}.Release|Any CPU.ActiveCfg = Release|Any CPU
		{F2B55F3F-1AAF-4F95-96A1-69D03CC2CE40}.Release|Any CPU.Build.0 = Release|Any CPU
		{F2B55F3F-1AAF-4F95-96A1-69D03CC2CE40}.Debug|iPhoneSimulator.ActiveCfg = Debug|Any CPU
		{F2B55F3F-1AAF-4F95-96A1-69D03CC2CE40}.Debug|iPhoneSimulator.Build.0 = Debug|Any CPU
		{F2B55F3F-1AAF-4F95-96A1-69D03CC2CE40}.Release|iPhoneSimulator.ActiveCfg = Release|Any CPU
		{F2B55F3F-1AAF-4F95-96A1-69D03CC2CE40}.Release|iPhoneSimulator.Build.0 = Release|Any CPU
		{F2B55F3F-1AAF-4F95-96A1-69D03CC2CE40}.Debug|iPhone.ActiveCfg = Debug|Any CPU
		{F2B55F3F-1AAF-4F95-96A1-69D03CC2CE40}.Debug|iPhone.Build.0 = Debug|Any CPU
		{F2B55F3F-1AAF-4F95-96A1-69D03CC2CE40}.Release|iPhone.ActiveCfg = Release|Any CPU
		{F2B55F3F-1AAF-4F95-96A1-69D03CC2CE40}.Release|iPhone.Build.0 = Release|Any CPU
		{F2B55F3F-1AAF-4F95-96A1-69D03CC2CE40}.Ad-Hoc|iPhone.ActiveCfg = Debug|Any CPU
		{F2B55F3F-1AAF-4F95-96A1-69D03CC2CE40}.Ad-Hoc|iPhone.Build.0 = Debug|Any CPU
		{F2B55F3F-1AAF-4F95-96A1-69D03CC2CE40}.AppStore|iPhone.ActiveCfg = Debug|Any CPU
		{F2B55F3F-1AAF-4F95-96A1-69D03CC2CE40}.AppStore|iPhone.Build.0 = Debug|Any CPU
		{1D7FA243-FA2A-4AA6-B1C5-FA9EEA8BBE97}.Debug|Any CPU.ActiveCfg = Debug|iPhoneSimulator
		{1D7FA243-FA2A-4AA6-B1C5-FA9EEA8BBE97}.Debug|Any CPU.Build.0 = Debug|iPhoneSimulator
		{1D7FA243-FA2A-4AA6-B1C5-FA9EEA8BBE97}.Release|Any CPU.ActiveCfg = Release|iPhoneSimulator
		{1D7FA243-FA2A-4AA6-B1C5-FA9EEA8BBE97}.Release|Any CPU.Build.0 = Release|iPhoneSimulator
		{1D7FA243-FA2A-4AA6-B1C5-FA9EEA8BBE97}.Debug|iPhoneSimulator.ActiveCfg = Debug|iPhoneSimulator
		{1D7FA243-FA2A-4AA6-B1C5-FA9EEA8BBE97}.Debug|iPhoneSimulator.Build.0 = Debug|iPhoneSimulator
		{1D7FA243-FA2A-4AA6-B1C5-FA9EEA8BBE97}.Release|iPhoneSimulator.ActiveCfg = Release|iPhoneSimulator
		{1D7FA243-FA2A-4AA6-B1C5-FA9EEA8BBE97}.Release|iPhoneSimulator.Build.0 = Release|iPhoneSimulator
		{1D7FA243-FA2A-4AA6-B1C5-FA9EEA8BBE97}.Debug|iPhone.ActiveCfg = Debug|iPhone
		{1D7FA243-FA2A-4AA6-B1C5-FA9EEA8BBE97}.Debug|iPhone.Build.0 = Debug|iPhone
		{1D7FA243-FA2A-4AA6-B1C5-FA9EEA8BBE97}.Release|iPhone.ActiveCfg = Release|iPhone
		{1D7FA243-FA2A-4AA6-B1C5-FA9EEA8BBE97}.Release|iPhone.Build.0 = Release|iPhone
		{1D7FA243-FA2A-4AA6-B1C5-FA9EEA8BBE97}.Ad-Hoc|iPhone.ActiveCfg = Ad-Hoc|iPhone
		{1D7FA243-FA2A-4AA6-B1C5-FA9EEA8BBE97}.Ad-Hoc|iPhone.Build.0 = Ad-Hoc|iPhone
		{1D7FA243-FA2A-4AA6-B1C5-FA9EEA8BBE97}.AppStore|iPhone.ActiveCfg = AppStore|iPhone
		{1D7FA243-FA2A-4AA6-B1C5-FA9EEA8BBE97}.AppStore|iPhone.Build.0 = AppStore|iPhone
		{0C7DE207-D5C3-46BF-B9A7-4E8B8FF84AC8}.Debug|Any CPU.ActiveCfg = Debug|Any CPU
		{0C7DE207-D5C3-46BF-B9A7-4E8B8FF84AC8}.Debug|Any CPU.Build.0 = Debug|Any CPU
		{0C7DE207-D5C3-46BF-B9A7-4E8B8FF84AC8}.Release|Any CPU.ActiveCfg = Release|Any CPU
		{0C7DE207-D5C3-46BF-B9A7-4E8B8FF84AC8}.Release|Any CPU.Build.0 = Release|Any CPU
		{0C7DE207-D5C3-46BF-B9A7-4E8B8FF84AC8}.Debug|iPhoneSimulator.ActiveCfg = Debug|Any CPU
		{0C7DE207-D5C3-46BF-B9A7-4E8B8FF84AC8}.Debug|iPhoneSimulator.Build.0 = Debug|Any CPU
		{0C7DE207-D5C3-46BF-B9A7-4E8B8FF84AC8}.Release|iPhoneSimulator.ActiveCfg = Release|Any CPU
		{0C7DE207-D5C3-46BF-B9A7-4E8B8FF84AC8}.Release|iPhoneSimulator.Build.0 = Release|Any CPU
		{0C7DE207-D5C3-46BF-B9A7-4E8B8FF84AC8}.Debug|iPhone.ActiveCfg = Debug|Any CPU
		{0C7DE207-D5C3-46BF-B9A7-4E8B8FF84AC8}.Debug|iPhone.Build.0 = Debug|Any CPU
		{0C7DE207-D5C3-46BF-B9A7-4E8B8FF84AC8}.Release|iPhone.ActiveCfg = Release|Any CPU
		{0C7DE207-D5C3-46BF-B9A7-4E8B8FF84AC8}.Release|iPhone.Build.0 = Release|Any CPU
		{0C7DE207-D5C3-46BF-B9A7-4E8B8FF84AC8}.Ad-Hoc|iPhone.ActiveCfg = Debug|Any CPU
		{0C7DE207-D5C3-46BF-B9A7-4E8B8FF84AC8}.Ad-Hoc|iPhone.Build.0 = Debug|Any CPU
		{0C7DE207-D5C3-46BF-B9A7-4E8B8FF84AC8}.AppStore|iPhone.ActiveCfg = Debug|Any CPU
		{0C7DE207-D5C3-46BF-B9A7-4E8B8FF84AC8}.AppStore|iPhone.Build.0 = Debug|Any CPU
	EndGlobalSection
EndGlobal
